
Microsoft Visual Studio Solution File, Format Version 11.00
# Visual Studio 2010
Project("{8BC9CEB8-8B4A-11D0-8D11-00A0C91BC942}") = "8051_ISS", "8051_ISS.vcxproj", "{B440F064-A93E-4BAD-B72F-0EFCE3D75854}"
EndProject
Global
	GlobalSection(SolutionConfigurationPlatforms) = preSolution
		Debug|Win32 = Debug|Win32
		Release|Win32 = Release|Win32
	EndGlobalSection
	GlobalSection(ProjectConfigurationPlatforms) = postSolution
		{B440F064-A93E-4BAD-B72F-0EFCE3D75854}.Debug|Win32.ActiveCfg = Debug|Win32
		{B440F064-A93E-4BAD-B72F-0EFCE3D75854}.Debug|Win32.Build.0 = Debug|Win32
		{B440F064-A93E-4BAD-B72F-0EFCE3D75854}.Release|Win32.ActiveCfg = Release|Win32
		{B440F064-A93E-4BAD-B72F-0EFCE3D75854}.Release|Win32.Build.0 = Release|Win32
	EndGlobalSection
	GlobalSection(SolutionProperties) = preSolution
		HideSolutionNode = FALSE
	EndGlobalSection
EndGlobal
